
Microsoft Visual Studio Solution File, Format Version 12.00
# Visual Studio 15
VisualStudioVersion = 15.0.28010.2003
MinimumVisualStudioVersion = 10.0.40219.1
Project("{9A19103F-16F7-4668-BE54-9A1E7A4F7556}") = "WebsparkQuiz", "WebsparkQuiz\WebsparkQuiz.csproj", "{03C1D5D4-86C0-47CE-A38A-E177160C0A53}"
EndProject
Global
	GlobalSection(SolutionConfigurationPlatforms) = preSolution
		Debug|Any CPU = Debug|Any CPU
		Release|Any CPU = Release|Any CPU
	EndGlobalSection
	GlobalSection(ProjectConfigurationPlatforms) = postSolution
		{03C1D5D4-86C0-47CE-A38A-E177160C0A53}.Debug|Any CPU.ActiveCfg = Debug|Any CPU
		{03C1D5D4-86C0-47CE-A38A-E177160C0A53}.Debug|Any CPU.Build.0 = Debug|Any CPU
		{03C1D5D4-86C0-47CE-A38A-E177160C0A53}.Release|Any CPU.ActiveCfg = Release|Any CPU
		{03C1D5D4-86C0-47CE-A38A-E177160C0A53}.Release|Any CPU.Build.0 = Release|Any CPU
	EndGlobalSection
	GlobalSection(SolutionProperties) = preSolution
		HideSolutionNode = FALSE
	EndGlobalSection
	GlobalSection(ExtensibilityGlobals) = postSolution
		SolutionGuid = {5A251A29-2D09-460A-AA3E-B1FDF030D833}
	EndGlobalSection
EndGlobal
